
Microsoft Visual Studio Solution File, Format Version 12.00
# Visual Studio 15
VisualStudioVersion = 15.0.26430.12
MinimumVisualStudioVersion = 10.0.40219.1
Project("{8BC9CEB8-8B4A-11D0-8D11-00A0C91BC942}") = "attys_scope", "attys_scope.vcxproj", "{AB63B829-E35D-338F-BE74-18F237B5B07D}"
EndProject
Project("{54435603-DBB4-11D2-8724-00A0C9A8B90C}") = "attys_scope_setup", "installer\Setup.vdproj", "{C8369784-9F35-496A-B459-500E351D3A02}"
EndProject
Global
	GlobalSection(SolutionConfigurationPlatforms) = preSolution
		Debug|Win32 = Debug|Win32
		Debug|x64 = Debug|x64
		Debug|x86 = Debug|x86
		Release|Win32 = Release|Win32
		Release|x64 = Release|x64
		Release|x86 = Release|x86
	EndGlobalSection
	GlobalSection(ProjectConfigurationPlatforms) = postSolution
		{AB63B829-E35D-338F-BE74-18F237B5B07D}.Debug|Win32.ActiveCfg = Debug|x64
		{AB63B829-E35D-338F-BE74-18F237B5B07D}.Debug|x64.ActiveCfg = Debug|x64
		{AB63B829-E35D-338F-BE74-18F237B5B07D}.Debug|x64.Build.0 = Debug|x64
		{AB63B829-E35D-338F-BE74-18F237B5B07D}.Debug|x86.ActiveCfg = Debug|x64
		{AB63B829-E35D-338F-BE74-18F237B5B07D}.Release|Win32.ActiveCfg = Release|x64
		{AB63B829-E35D-338F-BE74-18F237B5B07D}.Release|x64.ActiveCfg = Release|x64
		{AB63B829-E35D-338F-BE74-18F237B5B07D}.Release|x64.Build.0 = Release|x64
		{AB63B829-E35D-338F-BE74-18F237B5B07D}.Release|x64.Deploy.0 = Release|x64
		{AB63B829-E35D-338F-BE74-18F237B5B07D}.Release|x86.ActiveCfg = Release|x64
		{C8369784-9F35-496A-B459-500E351D3A02}.Debug|Win32.ActiveCfg = Debug
		{C8369784-9F35-496A-B459-500E351D3A02}.Debug|Win32.Build.0 = Debug
		{C8369784-9F35-496A-B459-500E351D3A02}.Debug|x64.ActiveCfg = Debug
		{C8369784-9F35-496A-B459-500E351D3A02}.Debug|x64.Build.0 = Debug
		{C8369784-9F35-496A-B459-500E351D3A02}.Debug|x86.ActiveCfg = Debug
		{C8369784-9F35-496A-B459-500E351D3A02}.Debug|x86.Build.0 = Debug
		{C8369784-9F35-496A-B459-500E351D3A02}.Release|Win32.ActiveCfg = Release
		{C8369784-9F35-496A-B459-500E351D3A02}.Release|Win32.Build.0 = Release
		{C8369784-9F35-496A-B459-500E351D3A02}.Release|x64.ActiveCfg = Release
		{C8369784-9F35-496A-B459-500E351D3A02}.Release|x64.Build.0 = Release
		{C8369784-9F35-496A-B459-500E351D3A02}.Release|x86.ActiveCfg = Release
		{C8369784-9F35-496A-B459-500E351D3A02}.Release|x86.Build.0 = Release
	EndGlobalSection
	GlobalSection(SolutionProperties) = preSolution
		HideSolutionNode = FALSE
	EndGlobalSection
EndGlobal
