<?xml version="1.0" encoding="utf-8"?>
<Project ToolsVersion="4.0" xmlns="http://schemas.microsoft.com/developer/msbuild/2003">
  <ItemGroup>
    <Filter Include="Generated Files">
      <UniqueIdentifier>{71ED8ED8-ACB9-4CE9-BBE1-E00B30144E11}</UniqueIdentifier>
      <Extensions>cpp;c;cxx;moc;h;def;odl;idl;res;</Extensions>
    </Filter>
    <Filter Include="Generated Files">
      <UniqueIdentifier>{71ED8ED8-ACB9-4CE9-BBE1-E00B30144E11}</UniqueIdentifier>
      <Extensions>cpp;c;cxx;moc;h;def;odl;idl;res;</Extensions>
    </Filter>
    <Filter Include="Header Files">
      <UniqueIdentifier>{93995380-89BD-4b04-88EB-625FBE52EBFB}</UniqueIdentifier>
      <Extensions>h;hpp;hxx;hm;inl;inc;xsd</Extensions>
    </Filter>
    <Filter Include="Header Files">
      <UniqueIdentifier>{93995380-89BD-4b04-88EB-625FBE52EBFB}</UniqueIdentifier>
      <Extensions>h;hpp;hxx;hm;inl;inc;xsd</Extensions>
    </Filter>
    <Filter Include="Source Files">
      <UniqueIdentifier>{4FC737F1-C7A5-4376-A066-2A32D752A2FF}</UniqueIdentifier>
      <Extensions>cpp;c;cxx;def;odl;idl;hpj;bat;asm;asmx</Extensions>
    </Filter>
    <Filter Include="Source Files">
      <UniqueIdentifier>{4FC737F1-C7A5-4376-A066-2A32D752A2FF}</UniqueIdentifier>
      <Extensions>cpp;c;cxx;def;odl;idl;hpj;bat;asm;asmx</Extensions>
    </Filter>
  </ItemGroup>
  <ItemGroup>
    <ClCompile Include="iir1\iir\Bessel.cpp">
      <Filter>Source Files</Filter>
    </ClCompile>
    <ClCompile Include="iir1\iir\Biquad.cpp">
      <Filter>Source Files</Filter>
    </ClCompile>
    <ClCompile Include="iir1\iir\Butterworth.cpp">
      <Filter>Source Files</Filter>
    </ClCompile>
    <ClCompile Include="iir1\iir\Cascade.cpp">
      <Filter>Source Files</Filter>
    </ClCompile>
    <ClCompile Include="iir1\iir\ChebyshevI.cpp">
      <Filter>Source Files</Filter>
    </ClCompile>
    <ClCompile Include="iir1\iir\ChebyshevII.cpp">
      <Filter>Source Files</Filter>
    </ClCompile>
    <ClCompile Include="iir1\iir\Custom.cpp">
      <Filter>Source Files</Filter>
    </ClCompile>
    <ClCompile Include="iir1\iir\Elliptic.cpp">
      <Filter>Source Files</Filter>
    </ClCompile>
    <ClCompile Include="iir1\iir\Legendre.cpp">
      <Filter>Source Files</Filter>
    </ClCompile>
    <ClCompile Include="iir1\iir\PoleFilter.cpp">
      <Filter>Source Files</Filter>
    </ClCompile>
    <ClCompile Include="iir1\iir\RBJ.cpp">
      <Filter>Source Files</Filter>
    </ClCompile>
    <ClCompile Include="iir1\iir\RootFinder.cpp">
      <Filter>Source Files</Filter>
    </ClCompile>
    <ClCompile Include="iir1\iir\State.cpp">
      <Filter>Source Files</Filter>
    </ClCompile>
    <ClCompile Include="attys_scope.cpp">
      <Filter>Source Files</Filter>
    </ClCompile>
    <ClCompile Include="base64.c">
      <Filter>Source Files</Filter>
    </ClCompile>
    <ClCompile Include="channel.cpp">
      <Filter>Source Files</Filter>
    </ClCompile>
    <ClCompile Include="comediscope.cpp">
      <Filter>Source Files</Filter>
    </ClCompile>
    <ClCompile Include="dc_sub.cpp">
      <Filter>Source Files</Filter>
    </ClCompile>
    <ClCompile Include="gain.cpp">
      <Filter>Source Files</Filter>
    </ClCompile>
    <ClCompile Include="hp.cpp">
      <Filter>Source Files</Filter>
    </ClCompile>
    <ClCompile Include="lp.cpp">
      <Filter>Source Files</Filter>
    </ClCompile>
    <ClCompile Include="AttysComm.cpp">
      <Filter>Generated Files</Filter>
    </ClCompile>
  </ItemGroup>
  <ItemGroup>
    <ClInclude Include="iir1\iir\Bessel.h">
      <Filter>Header Files</Filter>
    </ClInclude>
    <ClInclude Include="iir1\iir\Biquad.h">
      <Filter>Header Files</Filter>
    </ClInclude>
    <ClInclude Include="iir1\iir\Butterworth.h">
      <Filter>Header Files</Filter>
    </ClInclude>
    <ClInclude Include="iir1\iir\Cascade.h">
      <Filter>Header Files</Filter>
    </ClInclude>
    <ClInclude Include="iir1\iir\ChebyshevI.h">
      <Filter>Header Files</Filter>
    </ClInclude>
    <ClInclude Include="iir1\iir\ChebyshevII.h">
      <Filter>Header Files</Filter>
    </ClInclude>
    <ClInclude Include="iir1\iir\Common.h">
      <Filter>Header Files</Filter>
    </ClInclude>
    <ClInclude Include="iir1\iir\Custom.h">
      <Filter>Header Files</Filter>
    </ClInclude>
    <ClInclude Include="iir1\iir\Elliptic.h">
      <Filter>Header Files</Filter>
    </ClInclude>
    <ClInclude Include="iir1\iir\Legendre.h">
      <Filter>Header Files</Filter>
    </ClInclude>
    <ClInclude Include="iir1\iir\PoleFilter.h">
      <Filter>Header Files</Filter>
    </ClInclude>
    <ClInclude Include="iir1\iir\RBJ.h">
      <Filter>Header Files</Filter>
    </ClInclude>
    <ClInclude Include="iir1\iir\RootFinder.h">
      <Filter>Header Files</Filter>
    </ClInclude>
    <ClInclude Include="iir1\iir\State.cpp">
      <Filter>Header Files</Filter>
    </ClInclude>
    <CustomBuild Include="attys_scope.h">
      <Filter>Header Files</Filter>
    </CustomBuild>
    <ClInclude Include="base64.h">
      <Filter>Header Files</Filter>
    </ClInclude>
    <CustomBuild Include="channel.h">
      <Filter>Header Files</Filter>
    </CustomBuild>
    <CustomBuild Include="comediscope.h">
      <Filter>Header Files</Filter>
    </CustomBuild>
    <CustomBuild Include="dc_sub.h">
      <Filter>Header Files</Filter>
    </CustomBuild>
    <CustomBuild Include="gain.h">
      <Filter>Header Files</Filter>
    </CustomBuild>
    <CustomBuild Include="hp.h">
      <Filter>Header Files</Filter>
    </CustomBuild>
    <ClInclude Include="iir1\iir.h">
      <Filter>Header Files</Filter>
    </ClInclude>
    <CustomBuild Include="lp.h">
      <Filter>Header Files</Filter>
    </CustomBuild>
    <ClInclude Include="AttysComm.h">
      <Filter>Generated Files</Filter>
    </ClInclude>
  </ItemGroup>
  <ItemGroup>
    <ClCompile Include="debug\moc_attys_scope.cpp">
      <Filter>Generated Files</Filter>
    </ClCompile>
    <ClCompile Include="release\moc_attys_scope.cpp">
      <Filter>Generated Files</Filter>
    </ClCompile>
    <ClCompile Include="debug\moc_channel.cpp">
      <Filter>Generated Files</Filter>
    </ClCompile>
    <ClCompile Include="release\moc_channel.cpp">
      <Filter>Generated Files</Filter>
    </ClCompile>
    <ClCompile Include="debug\moc_comediscope.cpp">
      <Filter>Generated Files</Filter>
    </ClCompile>
    <ClCompile Include="release\moc_comediscope.cpp">
      <Filter>Generated Files</Filter>
    </ClCompile>
    <ClCompile Include="debug\moc_dc_sub.cpp">
      <Filter>Generated Files</Filter>
    </ClCompile>
    <ClCompile Include="release\moc_dc_sub.cpp">
      <Filter>Generated Files</Filter>
    </ClCompile>
    <ClCompile Include="debug\moc_gain.cpp">
      <Filter>Generated Files</Filter>
    </ClCompile>
    <ClCompile Include="release\moc_gain.cpp">
      <Filter>Generated Files</Filter>
    </ClCompile>
    <ClCompile Include="debug\moc_hp.cpp">
      <Filter>Generated Files</Filter>
    </ClCompile>
    <ClCompile Include="release\moc_hp.cpp">
      <Filter>Generated Files</Filter>
    </ClCompile>
    <ClCompile Include="debug\moc_lp.cpp">
      <Filter>Generated Files</Filter>
    </ClCompile>
    <ClCompile Include="release\moc_lp.cpp">
      <Filter>Generated Files</Filter>
    </ClCompile>
  </ItemGroup>
  <ItemGroup>
    <None Include="LICENSE" />
    <None Include="COPYING" />
    <None Include="README" />
  </ItemGroup>
</Project>